// !$*UTF8*$!
{
	archiveVersion = 1;
	classes = {
	};
	objectVersion = 56;
	objects = {

/* Begin PBXBuildFile section */
		5527584F2D71F96600D6390A /* TranscriptionModel.swift in Sources */ = {isa = PBXBuildFile; fileRef = 5527584E2D71F96600D6390A /* TranscriptionModel.swift */; };
		552758512D71F98100D6390A /* CoreDataManager.swift in Sources */ = {isa = PBXBuildFile; fileRef = 552758502D71F98100D6390A /* CoreDataManager.swift */; };
		552758532D71F99A00D6390A /* AiSummarizer.swift in Sources */ = {isa = PBXBuildFile; fileRef = 552758522D71F99A00D6390A /* AiSummarizer.swift */; };
		552758552D71F9A700D6390A /* AudioRecorder.swift in Sources */ = {isa = PBXBuildFile; fileRef = 552758542D71F9A700D6390A /* AudioRecorder.swift */; };
		552758572D71F9B200D6390A /* AuthService.swift in Sources */ = {isa = PBXBuildFile; fileRef = 552758562D71F9B200D6390A /* AuthService.swift */; };
		552758592D71FA1200D6390A /* SignInViewModel.swift in Sources */ = {isa = PBXBuildFile; fileRef = 552758582D71FA1200D6390A /* SignInViewModel.swift */; };
		5527585B2D71FA2500D6390A /* TransciptionViewModel.swift in Sources */ = {isa = PBXBuildFile; fileRef = 5527585A2D71FA2500D6390A /* TransciptionViewModel.swift */; };
		5551810C2D70E7A9000CA69B /* App.swift in Sources */ = {isa = PBXBuildFile; fileRef = 5551810B2D70E7A9000CA69B /* App.swift */; };
		5551810E2D70E7A9000CA69B /* ContentView.swift in Sources */ = {isa = PBXBuildFile; fileRef = 5551810D2D70E7A9000CA69B /* ContentView.swift */; };
		555181102D70E7AA000CA69B /* Assets.xcassets in Resources */ = {isa = PBXBuildFile; fileRef = 5551810F2D70E7AA000CA69B /* Assets.xcassets */; };
		555181132D70E7AA000CA69B /* Preview Assets.xcassets in Resources */ = {isa = PBXBuildFile; fileRef = 555181122D70E7AA000CA69B /* Preview Assets.xcassets */; };
		5551811A2D70EFC3000CA69B /* SignInView.swift in Sources */ = {isa = PBXBuildFile; fileRef = 555181192D70EFC3000CA69B /* SignInView.swift */; };
		5551811C2D70F772000CA69B /* VoiceTranscriptionView.swift in Sources */ = {isa = PBXBuildFile; fileRef = 5551811B2D70F772000CA69B /* VoiceTranscriptionView.swift */; };
		5551811E2D70F788000CA69B /* HomeView.swift in Sources */ = {isa = PBXBuildFile; fileRef = 5551811D2D70F788000CA69B /* HomeView.swift */; };
		555181202D70F79C000CA69B /* SettingsView.swift in Sources */ = {isa = PBXBuildFile; fileRef = 5551811F2D70F79C000CA69B /* SettingsView.swift */; };
		555181232D710B3C000CA69B /* UserModel.swift in Sources */ = {isa = PBXBuildFile; fileRef = 555181222D710B3C000CA69B /* UserModel.swift */; };
/* End PBXBuildFile section */

/* Begin PBXFileReference section */
		5527584E2D71F96600D6390A /* TranscriptionModel.swift */ = {isa = PBXFileReference; lastKnownFileType = sourcecode.swift; path = TranscriptionModel.swift; sourceTree = "<group>"; };
		552758502D71F98100D6390A /* CoreDataManager.swift */ = {isa = PBXFileReference; lastKnownFileType = sourcecode.swift; path = CoreDataManager.swift; sourceTree = "<group>"; };
		552758522D71F99A00D6390A /* AiSummarizer.swift */ = {isa = PBXFileReference; lastKnownFileType = sourcecode.swift; path = AiSummarizer.swift; sourceTree = "<group>"; };
		552758542D71F9A700D6390A /* AudioRecorder.swift */ = {isa = PBXFileReference; lastKnownFileType = sourcecode.swift; path = AudioRecorder.swift; sourceTree = "<group>"; };
		552758562D71F9B200D6390A /* AuthService.swift */ = {isa = PBXFileReference; lastKnownFileType = sourcecode.swift; path = AuthService.swift; sourceTree = "<group>"; };
		552758582D71FA1200D6390A /* SignInViewModel.swift */ = {isa = PBXFileReference; lastKnownFileType = sourcecode.swift; path = SignInViewModel.swift; sourceTree = "<group>"; };
		5527585A2D71FA2500D6390A /* TransciptionViewModel.swift */ = {isa = PBXFileReference; lastKnownFileType = sourcecode.swift; path = TransciptionViewModel.swift; sourceTree = "<group>"; };
		555181082D70E7A9000CA69B /* ai_voice_recorder.app */ = {isa = PBXFileReference; explicitFileType = wrapper.application; includeInIndex = 0; path = ai_voice_recorder.app; sourceTree = BUILT_PRODUCTS_DIR; };
		5551810B2D70E7A9000CA69B /* App.swift */ = {isa = PBXFileReference; lastKnownFileType = sourcecode.swift; path = App.swift; sourceTree = "<group>"; };
		5551810D2D70E7A9000CA69B /* ContentView.swift */ = {isa = PBXFileReference; lastKnownFileType = sourcecode.swift; path = ContentView.swift; sourceTree = "<group>"; };
		5551810F2D70E7AA000CA69B /* Assets.xcassets */ = {isa = PBXFileReference; lastKnownFileType = folder.assetcatalog; path = Assets.xcassets; sourceTree = "<group>"; };
		555181122D70E7AA000CA69B /* Preview Assets.xcassets */ = {isa = PBXFileReference; lastKnownFileType = folder.assetcatalog; path = "Preview Assets.xcassets"; sourceTree = "<group>"; };
		555181192D70EFC3000CA69B /* SignInView.swift */ = {isa = PBXFileReference; lastKnownFileType = sourcecode.swift; path = SignInView.swift; sourceTree = "<group>"; };
		5551811B2D70F772000CA69B /* VoiceTranscriptionView.swift */ = {isa = PBXFileReference; lastKnownFileType = sourcecode.swift; path = VoiceTranscriptionView.swift; sourceTree = "<group>"; };
		5551811D2D70F788000CA69B /* HomeView.swift */ = {isa = PBXFileReference; lastKnownFileType = sourcecode.swift; path = HomeView.swift; sourceTree = "<group>"; };
		5551811F2D70F79C000CA69B /* SettingsView.swift */ = {isa = PBXFileReference; lastKnownFileType = sourcecode.swift; path = SettingsView.swift; sourceTree = "<group>"; };
		555181222D710B3C000CA69B /* UserModel.swift */ = {isa = PBXFileReference; lastKnownFileType = sourcecode.swift; path = UserModel.swift; sourceTree = "<group>"; };
/* End PBXFileReference section */

/* Begin PBXFrameworksBuildPhase section */
		555181052D70E7A9000CA69B /* Frameworks */ = {
			isa = PBXFrameworksBuildPhase;
			buildActionMask = 2147483647;
			files = (
			);
			runOnlyForDeploymentPostprocessing = 0;
		};
/* End PBXFrameworksBuildPhase section */

/* Begin PBXGroup section */
		555180FF2D70E7A8000CA69B = {
			isa = PBXGroup;
			children = (
				5551810A2D70E7A9000CA69B /* ai_voice_recorder */,
				555181092D70E7A9000CA69B /* Products */,
			);
			sourceTree = "<group>";
		};
		555181092D70E7A9000CA69B /* Products */ = {
			isa = PBXGroup;
			children = (
				555181082D70E7A9000CA69B /* ai_voice_recorder.app */,
			);
			name = Products;
			sourceTree = "<group>";
		};
		5551810A2D70E7A9000CA69B /* ai_voice_recorder */ = {
			isa = PBXGroup;
			children = (
				5551810F2D70E7AA000CA69B /* Assets.xcassets */,
				555181242D71F1B8000CA69B /* App */,
				555181262D71F1C6000CA69B /* Core */,
				555181252D71F1BD000CA69B /* Models */,
				555181112D70E7AA000CA69B /* Preview Content */,
				555181292D71F1E7000CA69B /* Tests */,
				555181282D71F1E0000CA69B /* ViewModels */,
				555181272D71F1D6000CA69B /* Views */,
			);
			path = ai_voice_recorder;
			sourceTree = "<group>";
		};
		555181112D70E7AA000CA69B /* Preview Content */ = {
			isa = PBXGroup;
			children = (
				555181122D70E7AA000CA69B /* Preview Assets.xcassets */,
			);
			path = "Preview Content";
			sourceTree = "<group>";
		};
		555181242D71F1B8000CA69B /* App */ = {
			isa = PBXGroup;
			children = (
				5551810B2D70E7A9000CA69B /* App.swift */,
			);
			path = App;
			sourceTree = "<group>";
		};
		555181252D71F1BD000CA69B /* Models */ = {
			isa = PBXGroup;
			children = (
				555181222D710B3C000CA69B /* UserModel.swift */,
				5527584E2D71F96600D6390A /* TranscriptionModel.swift */,
			);
			path = Models;
			sourceTree = "<group>";
		};
		555181262D71F1C6000CA69B /* Core */ = {
			isa = PBXGroup;
			children = (
				552758502D71F98100D6390A /* CoreDataManager.swift */,
				552758522D71F99A00D6390A /* AiSummarizer.swift */,
				552758542D71F9A700D6390A /* AudioRecorder.swift */,
				552758562D71F9B200D6390A /* AuthService.swift */,
			);
			path = Core;
			sourceTree = "<group>";
		};
		555181272D71F1D6000CA69B /* Views */ = {
			isa = PBXGroup;
			children = (
				555181192D70EFC3000CA69B /* SignInView.swift */,
				5551811B2D70F772000CA69B /* VoiceTranscriptionView.swift */,
				5551811D2D70F788000CA69B /* HomeView.swift */,
				5551811F2D70F79C000CA69B /* SettingsView.swift */,
				5551810D2D70E7A9000CA69B /* ContentView.swift */,
			);
			path = Views;
			sourceTree = "<group>";
		};
		555181282D71F1E0000CA69B /* ViewModels */ = {
			isa = PBXGroup;
			children = (
				552758582D71FA1200D6390A /* SignInViewModel.swift */,
				5527585A2D71FA2500D6390A /* TransciptionViewModel.swift */,
			);
			path = ViewModels;
			sourceTree = "<group>";
		};
		555181292D71F1E7000CA69B /* Tests */ = {
			isa = PBXGroup;
			children = (
			);
			path = Tests;
			sourceTree = "<group>";
		};
/* End PBXGroup section */

/* Begin PBXNativeTarget section */
		555181072D70E7A9000CA69B /* ai_voice_recorder */ = {
			isa = PBXNativeTarget;
			buildConfigurationList = 555181162D70E7AA000CA69B /* Build configuration list for PBXNativeTarget "ai_voice_recorder" */;
			buildPhases = (
				555181042D70E7A9000CA69B /* Sources */,
				555181052D70E7A9000CA69B /* Frameworks */,
				555181062D70E7A9000CA69B /* Resources */,
			);
			buildRules = (
			);
			dependencies = (
			);
			name = ai_voice_recorder;
			productName = ai_voice_recorder;
			productReference = 555181082D70E7A9000CA69B /* ai_voice_recorder.app */;
			productType = "com.apple.product-type.application";
		};
/* End PBXNativeTarget section */

/* Begin PBXProject section */
		555181002D70E7A8000CA69B /* Project object */ = {
			isa = PBXProject;
			attributes = {
				BuildIndependentTargetsInParallel = 1;
				LastSwiftUpdateCheck = 1540;
				LastUpgradeCheck = 1540;
				TargetAttributes = {
					555181072D70E7A9000CA69B = {
						CreatedOnToolsVersion = 15.4;
					};
				};
			};
			buildConfigurationList = 555181032D70E7A8000CA69B /* Build configuration list for PBXProject "ai_voice_recorder" */;
			compatibilityVersion = "Xcode 14.0";
			developmentRegion = en;
			hasScannedForEncodings = 0;
			knownRegions = (
				en,
				Base,
			);
			mainGroup = 555180FF2D70E7A8000CA69B;
			productRefGroup = 555181092D70E7A9000CA69B /* Products */;
			projectDirPath = "";
			projectRoot = "";
			targets = (
				555181072D70E7A9000CA69B /* ai_voice_recorder */,
			);
		};
/* End PBXProject section */

/* Begin PBXResourcesBuildPhase section */
		555181062D70E7A9000CA69B /* Resources */ = {
			isa = PBXResourcesBuildPhase;
			buildActionMask = 2147483647;
			files = (
				555181132D70E7AA000CA69B /* Preview Assets.xcassets in Resources */,
				555181102D70E7AA000CA69B /* Assets.xcassets in Resources */,
			);
			runOnlyForDeploymentPostprocessing = 0;
		};
/* End PBXResourcesBuildPhase section */

/* Begin PBXSourcesBuildPhase section */
		555181042D70E7A9000CA69B /* Sources */ = {
			isa = PBXSourcesBuildPhase;
			buildActionMask = 2147483647;
			files = (
				5551811C2D70F772000CA69B /* VoiceTranscriptionView.swift in Sources */,
				555181232D710B3C000CA69B /* UserModel.swift in Sources */,
				5551811A2D70EFC3000CA69B /* SignInView.swift in Sources */,
				552758572D71F9B200D6390A /* AuthService.swift in Sources */,
				552758592D71FA1200D6390A /* SignInViewModel.swift in Sources */,
				5551811E2D70F788000CA69B /* HomeView.swift in Sources */,
				552758532D71F99A00D6390A /* AiSummarizer.swift in Sources */,
				552758552D71F9A700D6390A /* AudioRecorder.swift in Sources */,
				5527584F2D71F96600D6390A /* TranscriptionModel.swift in Sources */,
				5551810E2D70E7A9000CA69B /* ContentView.swift in Sources */,
				552758512D71F98100D6390A /* CoreDataManager.swift in Sources */,
				555181202D70F79C000CA69B /* SettingsView.swift in Sources */,
				5527585B2D71FA2500D6390A /* TransciptionViewModel.swift in Sources */,
				5551810C2D70E7A9000CA69B /* App.swift in Sources */,
			);
			runOnlyForDeploymentPostprocessing = 0;
		};
/* End PBXSourcesBuildPhase section */

/* Begin XCBuildConfiguration section */
		555181142D70E7AA000CA69B /* Debug */ = {
			isa = XCBuildConfiguration;
			buildSettings = {
				ALWAYS_SEARCH_USER_PATHS = NO;
				ASSETCATALOG_COMPILER_GENERATE_SWIFT_ASSET_SYMBOL_EXTENSIONS = YES;
				CLANG_ANALYZER_NONNULL = YES;
				CLANG_ANALYZER_NUMBER_OBJECT_CONVERSION = YES_AGGRESSIVE;
				CLANG_CXX_LANGUAGE_STANDARD = "gnu++20";
				CLANG_ENABLE_MODULES = YES;
				CLANG_ENABLE_OBJC_ARC = YES;
				CLANG_ENABLE_OBJC_WEAK = YES;
				CLANG_WARN_BLOCK_CAPTURE_AUTORELEASING = YES;
				CLANG_WARN_BOOL_CONVERSION = YES;
				CLANG_WARN_COMMA = YES;
				CLANG_WARN_CONSTANT_CONVERSION = YES;
				CLANG_WARN_DEPRECATED_OBJC_IMPLEMENTATIONS = YES;
				CLANG_WARN_DIRECT_OBJC_ISA_USAGE = YES_ERROR;
				CLANG_WARN_DOCUMENTATION_COMMENTS = YES;
				CLANG_WARN_EMPTY_BODY = YES;
				CLANG_WARN_ENUM_CONVERSION = YES;
				CLANG_WARN_INFINITE_RECURSION = YES;
				CLANG_WARN_INT_CONVERSION = YES;
				CLANG_WARN_NON_LITERAL_NULL_CONVERSION = YES;
				CLANG_WARN_OBJC_IMPLICIT_RETAIN_SELF = YES;
				CLANG_WARN_OBJC_LITERAL_CONVERSION = YES;
				CLANG_WARN_OBJC_ROOT_CLASS = YES_ERROR;
				CLANG_WARN_QUOTED_INCLUDE_IN_FRAMEWORK_HEADER = YES;
				CLANG_WARN_RANGE_LOOP_ANALYSIS = YES;
				CLANG_WARN_STRICT_PROTOTYPES = YES;
				CLANG_WARN_SUSPICIOUS_MOVE = YES;
				CLANG_WARN_UNGUARDED_AVAILABILITY = YES_AGGRESSIVE;
				CLANG_WARN_UNREACHABLE_CODE = YES;
				CLANG_WARN__DUPLICATE_METHOD_MATCH = YES;
				COPY_PHASE_STRIP = NO;
				DEBUG_INFORMATION_FORMAT = dwarf;
				ENABLE_STRICT_OBJC_MSGSEND = YES;
				ENABLE_TESTABILITY = YES;
				ENABLE_USER_SCRIPT_SANDBOXING = YES;
				GCC_C_LANGUAGE_STANDARD = gnu17;
				GCC_DYNAMIC_NO_PIC = NO;
				GCC_NO_COMMON_BLOCKS = YES;
				GCC_OPTIMIZATION_LEVEL = 0;
				GCC_PREPROCESSOR_DEFINITIONS = (
					"DEBUG=1",
					"$(inherited)",
				);
				GCC_WARN_64_TO_32_BIT_CONVERSION = YES;
				GCC_WARN_ABOUT_RETURN_TYPE = YES_ERROR;
				GCC_WARN_UNDECLARED_SELECTOR = YES;
				GCC_WARN_UNINITIALIZED_AUTOS = YES_AGGRESSIVE;
				GCC_WARN_UNUSED_FUNCTION = YES;
				GCC_WARN_UNUSED_VARIABLE = YES;
				IPHONEOS_DEPLOYMENT_TARGET = 17.5;
				LOCALIZATION_PREFERS_STRING_CATALOGS = YES;
				MTL_ENABLE_DEBUG_INFO = INCLUDE_SOURCE;
				MTL_FAST_MATH = YES;
				ONLY_ACTIVE_ARCH = YES;
				SDKROOT = iphoneos;
				SWIFT_ACTIVE_COMPILATION_CONDITIONS = "DEBUG $(inherited)";
				SWIFT_OPTIMIZATION_LEVEL = "-Onone";
			};
			name = Debug;
		};
		555181152D70E7AA000CA69B /* Release */ = {
			isa = XCBuildConfiguration;
			buildSettings = {
				ALWAYS_SEARCH_USER_PATHS = NO;
				ASSETCATALOG_COMPILER_GENERATE_SWIFT_ASSET_SYMBOL_EXTENSIONS = YES;
				CLANG_ANALYZER_NONNULL = YES;
				CLANG_ANALYZER_NUMBER_OBJECT_CONVERSION = YES_AGGRESSIVE;
				CLANG_CXX_LANGUAGE_STANDARD = "gnu++20";
				CLANG_ENABLE_MODULES = YES;
				CLANG_ENABLE_OBJC_ARC = YES;
				CLANG_ENABLE_OBJC_WEAK = YES;
				CLANG_WARN_BLOCK_CAPTURE_AUTORELEASING = YES;
				CLANG_WARN_BOOL_CONVERSION = YES;
				CLANG_WARN_COMMA = YES;
				CLANG_WARN_CONSTANT_CONVERSION = YES;
				CLANG_WARN_DEPRECATED_OBJC_IMPLEMENTATIONS = YES;
				CLANG_WARN_DIRECT_OBJC_ISA_USAGE = YES_ERROR;
				CLANG_WARN_DOCUMENTATION_COMMENTS = YES;
				CLANG_WARN_EMPTY_BODY = YES;
				CLANG_WARN_ENUM_CONVERSION = YES;
				CLANG_WARN_INFINITE_RECURSION = YES;
				CLANG_WARN_INT_CONVERSION = YES;
				CLANG_WARN_NON_LITERAL_NULL_CONVERSION = YES;
				CLANG_WARN_OBJC_IMPLICIT_RETAIN_SELF = YES;
				CLANG_WARN_OBJC_LITERAL_CONVERSION = YES;
				CLANG_WARN_OBJC_ROOT_CLASS = YES_ERROR;
				CLANG_WARN_QUOTED_INCLUDE_IN_FRAMEWORK_HEADER = YES;
				CLANG_WARN_RANGE_LOOP_ANALYSIS = YES;
				CLANG_WARN_STRICT_PROTOTYPES = YES;
				CLANG_WARN_SUSPICIOUS_MOVE = YES;
				CLANG_WARN_UNGUARDED_AVAILABILITY = YES_AGGRESSIVE;
				CLANG_WARN_UNREACHABLE_CODE = YES;
				CLANG_WARN__DUPLICATE_METHOD_MATCH = YES;
				COPY_PHASE_STRIP = NO;
				DEBUG_INFORMATION_FORMAT = "dwarf-with-dsym";
				ENABLE_NS_ASSERTIONS = NO;
				ENABLE_STRICT_OBJC_MSGSEND = YES;
				ENABLE_USER_SCRIPT_SANDBOXING = YES;
				GCC_C_LANGUAGE_STANDARD = gnu17;
				GCC_NO_COMMON_BLOCKS = YES;
				GCC_WARN_64_TO_32_BIT_CONVERSION = YES;
				GCC_WARN_ABOUT_RETURN_TYPE = YES_ERROR;
				GCC_WARN_UNDECLARED_SELECTOR = YES;
				GCC_WARN_UNINITIALIZED_AUTOS = YES_AGGRESSIVE;
				GCC_WARN_UNUSED_FUNCTION = YES;
				GCC_WARN_UNUSED_VARIABLE = YES;
				IPHONEOS_DEPLOYMENT_TARGET = 17.5;
				LOCALIZATION_PREFERS_STRING_CATALOGS = YES;
				MTL_ENABLE_DEBUG_INFO = NO;
				MTL_FAST_MATH = YES;
				SDKROOT = iphoneos;
				SWIFT_COMPILATION_MODE = wholemodule;
				VALIDATE_PRODUCT = YES;
			};
			name = Release;
		};
		555181172D70E7AA000CA69B /* Debug */ = {
			isa = XCBuildConfiguration;
			buildSettings = {
				ASSETCATALOG_COMPILER_APPICON_NAME = AppIcon;
				ASSETCATALOG_COMPILER_GLOBAL_ACCENT_COLOR_NAME = AccentColor;
				CODE_SIGN_STYLE = Automatic;
				CURRENT_PROJECT_VERSION = 1;
				DEVELOPMENT_ASSET_PATHS = "\"ai_voice_recorder/Preview Content\"";
				DEVELOPMENT_TEAM = LXMU6KJNUJ;
				ENABLE_PREVIEWS = YES;
				GENERATE_INFOPLIST_FILE = YES;
				INFOPLIST_KEY_UIApplicationSceneManifest_Generation = YES;
				INFOPLIST_KEY_UIApplicationSupportsIndirectInputEvents = YES;
				INFOPLIST_KEY_UILaunchScreen_Generation = YES;
				INFOPLIST_KEY_UISupportedInterfaceOrientations = UIInterfaceOrientationPortrait;
				LD_RUNPATH_SEARCH_PATHS = (
					"$(inherited)",
					"@executable_path/Frameworks",
				);
				MARKETING_VERSION = 1.0;
				PRODUCT_BUNDLE_IDENTIFIER = "com.serjjedi.ai-voice-recorder";
				PRODUCT_NAME = "$(TARGET_NAME)";
				SWIFT_EMIT_LOC_STRINGS = YES;
				SWIFT_VERSION = 5.0;
				TARGETED_DEVICE_FAMILY = "1,2";
			};
			name = Debug;
		};
		555181182D70E7AA000CA69B /* Release */ = {
			isa = XCBuildConfiguration;
			buildSettings = {
				ASSETCATALOG_COMPILER_APPICON_NAME = AppIcon;
				ASSETCATALOG_COMPILER_GLOBAL_ACCENT_COLOR_NAME = AccentColor;
				CODE_SIGN_STYLE = Automatic;
				CURRENT_PROJECT_VERSION = 1;
				DEVELOPMENT_ASSET_PATHS = "\"ai_voice_recorder/Preview Content\"";
				DEVELOPMENT_TEAM = LXMU6KJNUJ;
				ENABLE_PREVIEWS = YES;
				GENERATE_INFOPLIST_FILE = YES;
				INFOPLIST_KEY_UIApplicationSceneManifest_Generation = YES;
				INFOPLIST_KEY_UIApplicationSupportsIndirectInputEvents = YES;
				INFOPLIST_KEY_UILaunchScreen_Generation = YES;
				INFOPLIST_KEY_UISupportedInterfaceOrientations = UIInterfaceOrientationPortrait;
				LD_RUNPATH_SEARCH_PATHS = (
					"$(inherited)",
					"@executable_path/Frameworks",
				);
				MARKETING_VERSION = 1.0;
				PRODUCT_BUNDLE_IDENTIFIER = "com.serjjedi.ai-voice-recorder";
				PRODUCT_NAME = "$(TARGET_NAME)";
				SWIFT_EMIT_LOC_STRINGS = YES;
				SWIFT_VERSION = 5.0;
				TARGETED_DEVICE_FAMILY = "1,2";
			};
			name = Release;
		};
/* End XCBuildConfiguration section */

/* Begin XCConfigurationList section */
		555181032D70E7A8000CA69B /* Build configuration list for PBXProject "ai_voice_recorder" */ = {
			isa = XCConfigurationList;
			buildConfigurations = (
				555181142D70E7AA000CA69B /* Debug */,
				555181152D70E7AA000CA69B /* Release */,
			);
			defaultConfigurationIsVisible = 0;
			defaultConfigurationName = Release;
		};
		555181162D70E7AA000CA69B /* Build configuration list for PBXNativeTarget "ai_voice_recorder" */ = {
			isa = XCConfigurationList;
			buildConfigurations = (
				555181172D70E7AA000CA69B /* Debug */,
				555181182D70E7AA000CA69B /* Release */,
			);
			defaultConfigurationIsVisible = 0;
			defaultConfigurationName = Release;
		};
/* End XCConfigurationList section */
	};
	rootObject = 555181002D70E7A8000CA69B /* Project object */;
}
